{
  "name": "gdvm-registry-gdvm",
  "version": "1.0.0",
  "lockfileVersion": 3,
  "requires": true,
  "packages": {
    "": {
      "name": "gdvm-registry-gdvm",
      "version": "1.0.0",
      "dependencies": {
        "snappy": "^7.3.3"
      },
      "devDependencies": {
        "@types/node": "^26.1.0"
      }
    },
    "node_modules/@napi-rs/snappy-android-arm-eabi": {
      "version": "7.4.2",
      "resolved": "https://registry.npmjs.org/@napi-rs/snappy-android-arm-eabi/-/snappy-android-arm-eabi-7.4.2.tgz",
      "integrity": "sha512-5Z74BfBXperrqJKG4hmw/nN1LA7UZs5OdUTyZ2cZseZrfcPu4zTQblIzR014pEfhjd2mxm4BzOdQ9TBNCUSJlw==",
      "cpu": [
        "arm"
      ],
      "license": "MIT",
      "optional": true,
      "os": [
        "android"
      ],
      "engines": {
        "node": ">= 10"
      }
    },
    "node_modules/@napi-rs/snappy-android-arm64": {
      "version": "7.4.2",
      "resolved": "https://registry.npmjs.org/@napi-rs/snappy-android-arm64/-/snappy-android-arm64-7.4.2.tgz",
      "integrity": "sha512-0mDR06aGsAmzxpHubRCLJomWXYc6A0Mn//1huZMg3MrVFhd23xVv0upLYTAtAVSEC3/M3SlqUQLNpZydl9NsiQ==",
      "cpu": [
        "arm64"
      ],
      "license": "MIT",
      "optional": true,
      "os": [
        "android"
      ],
      "engines": {
        "node": ">= 10"
      }
    },
    "node_modules/@napi-rs/snappy-darwin-arm64": {
      "version": "7.4.2",
      "resolved": "https://registry.npmjs.org/@napi-rs/snappy-darwin-arm64/-/snappy-darwin-arm64-7.4.2.tgz",
      "integrity": "sha512-QNfdjRsGT1YIQ7t+IzIOdGSXrZNNsoovKiFJL4cOD9+2AYWPJQgt8xYMUGihz9nWtWUB4d3nRaYXGSMrSjzguQ==",
      "cpu": [
        "arm64"
      ],
      "license": "MIT",
      "optional": true,
      "os": [
        "darwin"
      ],
      "engines": {
        "node": ">= 10"
      }
    },
    "node_modules/@napi-rs/snappy-darwin-x64": {
      "version": "7.4.2",
      "resolved": "https://registry.npmjs.org/@napi-rs/snappy-darwin-x64/-/snappy-darwin-x64-7.4.2.tgz",
      "integrity": "sha512-TOrxHMfAYkmUOCy6mv0I5NT7h6TRh5aorp8b8RUG9eGlh74RnbU+1IpjhI59L4fq5m+uX8Q9ViCfEM14SO5OPw==",
      "cpu": [
        "x64"
      ],
      "license": "MIT",
      "optional": true,
      "os": [
        "darwin"
      ],
      "engines": {
        "node": ">= 10"
      }
    },
    "node_modules/@napi-rs/snappy-freebsd-x64": {
      "version": "7.4.2",
      "resolved": "https://registry.npmjs.org/@napi-rs/snappy-freebsd-x64/-/snappy-freebsd-x64-7.4.2.tgz",
      "integrity": "sha512-tZ6Nw5P/+ELsamWioFhATLgSlzKBEh/jxSVCxOVR/Q1PylD5GwT1InSVftJ/8G91okvVOmeof1zjc9xTBfgXZg==",
      "cpu": [
        "x64"
      ],
      "license": "MIT",
      "optional": true,
      "os": [
        "freebsd"
      ],
      "engines": {
        "node": ">= 10"
      }
    },
    "node_modules/@napi-rs/snappy-linux-arm-gnueabihf": {
      "version": "7.4.2",
      "resolved": "https://registry.npmjs.org/@napi-rs/snappy-linux-arm-gnueabihf/-/snappy-linux-arm-gnueabihf-7.4.2.tgz",
      "integrity": "sha512-TNc+bw2rH0YT0me9D7VYRyvQr6E0fZlUa/MCZG4KPd0k+DjQjZucoxRIg7Kss/7ILaVYUfhN1DT+c1znK0ZFZQ==",
      "cpu": [
        "arm"
      ],
      "license": "MIT",
      "optional": true,
      "os": [
        "linux"
      ],
      "engines": {
        "node": ">= 10"
      }
    },
    "node_modules/@napi-rs/snappy-linux-arm64-gnu": {
      "version": "7.4.2",
      "resolved": "https://registry.npmjs.org/@napi-rs/snappy-linux-arm64-gnu/-/snappy-linux-arm64-gnu-7.4.2.tgz",
      "integrity": "sha512-+3CJI7f43w09nkjt2+kJI5LAi+p7Qw63t5/RaRyEqRku5MChwBTUs2RMN5OsKdFrHkGdMPkHJWq5AvlvADiysA==",
      "cpu": [
        "arm64"
      ],
      "libc": [
        "glibc"
      ],
      "license": "MIT",
      "optional": true,
      "os": [
        "linux"
      ],
      "engines": {
        "node": ">= 10"
      }
    },
    "node_modules/@napi-rs/snappy-linux-arm64-musl": {
      "version": "7.4.2",
      "resolved": "https://registry.npmjs.org/@napi-rs/snappy-linux-arm64-musl/-/snappy-linux-arm64-musl-7.4.2.tgz",
      "integrity": "sha512-GdNIKqTepX3ZO20DgTb5sN1TlDPHBcfPe9pE8uORKfggTO07tzkxyzbisp6EGQqS3FUtkf+UJdI2ac2kCC9SEQ==",
      "cpu": [
        "arm64"
      ],
      "libc": [
        "musl"
      ],
      "license": "MIT",
      "optional": true,
      "os": [
        "linux"
      ],
      "engines": {
        "node": ">= 10"
      }
    },
    "node_modules/@napi-rs/snappy-linux-ppc64-gnu": {
      "version": "7.4.2",
      "resolved": "https://registry.npmjs.org/@napi-rs/snappy-linux-ppc64-gnu/-/snappy-linux-ppc64-gnu-7.4.2.tgz",
      "integrity": "sha512-vF0sv6nNSeWd3Vl0KPR9BYl7ByI/JoheYEb8ymEO4vkkB5wY8XUrIrt9+jJ++Ic4U5QBnIrKoqATWYUU5PNwog==",
      "cpu": [
        "ppc64"
      ],
      "libc": [
        "glibc"
      ],
      "license": "MIT",
      "optional": true,
      "os": [
        "linux"
      ],
      "engines": {
        "node": ">= 10"
      }
    },
    "node_modules/@napi-rs/snappy-linux-riscv64-gnu": {
      "version": "7.4.2",
      "resolved": "https://registry.npmjs.org/@napi-rs/snappy-linux-riscv64-gnu/-/snappy-linux-riscv64-gnu-7.4.2.tgz",
      "integrity": "sha512-LIWbSAfYhhkLG2sypR2boISfH598Gt/ctyH6SiJqxCvHxQgtLXqgMOTuyixPA4wa7uNFXcpG6AU05pQuGsQUvw==",
      "cpu": [
        "riscv64"
      ],
      "libc": [
        "glibc"
      ],
      "license": "MIT",
      "optional": true,
      "os": [
        "linux"
      ],
      "engines": {
        "node": ">= 10"
      }
    },
    "node_modules/@napi-rs/snappy-linux-s390x-gnu": {
      "version": "7.4.2",
      "resolved": "https://registry.npmjs.org/@napi-rs/snappy-linux-s390x-gnu/-/snappy-linux-s390x-gnu-7.4.2.tgz",
      "integrity": "sha512-nljpLVhSeNDvgO+3tOGZtTv/W2+XHfpZ0t/d8nfpoC9NalRh2e5Fsmi7ukMjqU/yMSbUqDgCHC5nYZ0ivkaBVw==",
      "cpu": [
        "s390x"
      ],
      "libc": [
        "glibc"
      ],
      "license": "MIT",
      "optional": true,
      "os": [
        "linux"
      ],
      "engines": {
        "node": ">= 10"
      }
    },
    "node_modules/@napi-rs/snappy-linux-x64-gnu": {
      "version": "7.4.2",
      "resolved": "https://registry.npmjs.org/@napi-rs/snappy-linux-x64-gnu/-/snappy-linux-x64-gnu-7.4.2.tgz",
      "integrity": "sha512-MTv4Uv0Fpr5p4yih39NjsjE3Oy1Dzp3q17NbyqQpSX9tQcD/PNA5yb9ADqmoXpmINM9jpIFuLszzfs7254U6Yg==",
      "cpu": [
        "x64"
      ],
      "libc": [
        "glibc"
      ],
      "license": "MIT",
      "optional": true,
      "os": [
        "linux"
      ],
      "engines": {
        "node": ">= 10"
      }
    },
    "node_modules/@napi-rs/snappy-linux-x64-musl": {
      "version": "7.4.2",
      "resolved": "https://registry.npmjs.org/@napi-rs/snappy-linux-x64-musl/-/snappy-linux-x64-musl-7.4.2.tgz",
      "integrity": "sha512-BMRBwRpHOwaPw1OzaDERWG4VnOGFHwdxd/8KiANaZx64dISONIaYAFtPKBYVGXikqYcvyp5WgLcp90d+Lu7/Xw==",
      "cpu": [
        "x64"
      ],
      "libc": [
        "musl"
      ],
      "license": "MIT",
      "optional": true,
      "os": [
        "linux"
      ],
      "engines": {
        "node": ">= 10"
      }
    },
    "node_modules/@napi-rs/snappy-openharmony-arm64": {
      "version": "7.4.2",
      "resolved": "https://registry.npmjs.org/@napi-rs/snappy-openharmony-arm64/-/snappy-openharmony-arm64-7.4.2.tgz",
      "integrity": "sha512-quGOiGkQAJN1+oIMVliCK2u4j62ob88K1P7/tL6ffAeypmy4DQFrGEkzQ9kbnZtxkGhIk7MR8+6kIjtUcJQkcg==",
      "cpu": [
        "arm64"
      ],
      "license": "MIT",
      "optional": true,
      "os": [
        "openharmony"
      ],
      "engines": {
        "node": ">= 10"
      }
    },
    "node_modules/@napi-rs/snappy-win32-arm64-msvc": {
      "version": "7.4.2",
      "resolved": "https://registry.npmjs.org/@napi-rs/snappy-win32-arm64-msvc/-/snappy-win32-arm64-msvc-7.4.2.tgz",
      "integrity": "sha512-W+VHhwyWeeht8hVwa8eB49tgALsJLj3S+R51BCdNMmofJNJnWOet9j786RQoZ+NfZk4jGP6sxiVMb9jLnnkPlQ==",
      "cpu": [
        "arm64"
      ],
      "license": "MIT",
      "optional": true,
      "os": [
        "win32"
      ],
      "engines": {
        "node": ">= 10"
      }
    },
    "node_modules/@napi-rs/snappy-win32-ia32-msvc": {
      "version": "7.4.2",
      "resolved": "https://registry.npmjs.org/@napi-rs/snappy-win32-ia32-msvc/-/snappy-win32-ia32-msvc-7.4.2.tgz",
      "integrity": "sha512-KalsOkZEurI5ti/20xWt84aLnBUqFBDuuvvkATw5G/D9FaqmOqpLGcvLROL55bdL49/wRCh1OZpVpqKS7x+g/Q==",
      "cpu": [
        "ia32"
      ],
      "license": "MIT",
      "optional": true,
      "os": [
        "win32"
      ],
      "engines": {
        "node": ">= 10"
      }
    },
    "node_modules/@napi-rs/snappy-win32-x64-msvc": {
      "version": "7.4.2",
      "resolved": "https://registry.npmjs.org/@napi-rs/snappy-win32-x64-msvc/-/snappy-win32-x64-msvc-7.4.2.tgz",
      "integrity": "sha512-D2BZ0utRz/Nqxa01mZHe9EhVJoCG77w4sqRzdzBCXDgAwszcCmnGIw0wKc+iHmdA9wfIryok9KNArtP8ZJZO9g==",
      "cpu": [
        "x64"
      ],
      "license": "MIT",
      "optional": true,
      "os": [
        "win32"
      ],
      "engines": {
        "node": ">= 10"
      }
    },
    "node_modules/@types/node": {
      "version": "26.3.0",
      "resolved": "https://registry.npmjs.org/@types/node/-/node-26.3.0.tgz",
      "integrity": "sha512-L3fgrnchriRC2ExBflb8j4uZZURHZfQsmQeyVzhjcHW4kkwVyo8/0h1B2MVzMTrYUJYu6G7EWs14hW/L9putqw==",
      "dev": true,
      "license": "MIT",
      "dependencies": {
        "undici-types": "~8.3.0"
      }
    },
    "node_modules/snappy": {
      "version": "7.4.2",
      "resolved": "https://registry.npmjs.org/snappy/-/snappy-7.4.2.tgz",
      "integrity": "sha512-ApyCoX5QnrGpMJ/MVaZOo3GRDLTFpEDC6SnFJkwSaMvF6sTAuj3fTLq9o9tLgcz1/ealV7sMI2SgW3bZvZD1pA==",
      "license": "MIT",
      "engines": {
        "node": ">= 10"
      },
      "funding": {
        "type": "github",
        "url": "https://github.com/sponsors/Brooooooklyn"
      },
      "optionalDependencies": {
        "@napi-rs/snappy-android-arm-eabi": "7.4.2",
        "@napi-rs/snappy-android-arm64": "7.4.2",
        "@napi-rs/snappy-darwin-arm64": "7.4.2",
        "@napi-rs/snappy-darwin-x64": "7.4.2",
        "@napi-rs/snappy-freebsd-x64": "7.4.2",
        "@napi-rs/snappy-linux-arm-gnueabihf": "7.4.2",
        "@napi-rs/snappy-linux-arm64-gnu": "7.4.2",
        "@napi-rs/snappy-linux-arm64-musl": "7.4.2",
        "@napi-rs/snappy-linux-ppc64-gnu": "7.4.2",
        "@napi-rs/snappy-linux-riscv64-gnu": "7.4.2",
        "@napi-rs/snappy-linux-s390x-gnu": "7.4.2",
        "@napi-rs/snappy-linux-x64-gnu": "7.4.2",
        "@napi-rs/snappy-linux-x64-musl": "7.4.2",
        "@napi-rs/snappy-openharmony-arm64": "7.4.2",
        "@napi-rs/snappy-win32-arm64-msvc": "7.4.2",
        "@napi-rs/snappy-win32-ia32-msvc": "7.4.2",
        "@napi-rs/snappy-win32-x64-msvc": "7.4.2"
      }
    },
    "node_modules/undici-types": {
      "version": "8.3.0",
      "resolved": "https://registry.npmjs.org/undici-types/-/undici-types-8.3.0.tgz",
      "integrity": "sha512-j375ScV60dom+YkPFIfTLcOiPxkN/buHz5GobjLhixFuANaNs3C9l4GmrWqejgXWJ7BbJcFYpTEUkS1Ge8bpZQ==",
      "dev": true,
      "license": "MIT"
    }
  }
}
